
Microsoft Visual Studio Solution File, Format Version 12.00
# Visual Studio 15
VisualStudioVersion = 15.0.28010.2026
MinimumVisualStudioVersion = 10.0.40219.1
Project("{FAE04EC0-301F-11D3-BF4B-00C04F79EFBC}") = "Course_Project", "Course_Project\Course_Project.csproj", "{F9AFBAF7-E7C0-4B09-BEF7-8CD54B035E33}"
EndProject
Global
	GlobalSection(SolutionConfigurationPlatforms) = preSolution
		Debug|Any CPU = Debug|Any CPU
		Release|Any CPU = Release|Any CPU
	EndGlobalSection
	GlobalSection(ProjectConfigurationPlatforms) = postSolution
		{F9AFBAF7-E7C0-4B09-BEF7-8CD54B035E33}.Debug|Any CPU.ActiveCfg = Debug|Any CPU
		{F9AFBAF7-E7C0-4B09-BEF7-8CD54B035E33}.Debug|Any CPU.Build.0 = Debug|Any CPU
		{F9AFBAF7-E7C0-4B09-BEF7-8CD54B035E33}.Release|Any CPU.ActiveCfg = Release|Any CPU
		{F9AFBAF7-E7C0-4B09-BEF7-8CD54B035E33}.Release|Any CPU.Build.0 = Release|Any CPU
	EndGlobalSection
	GlobalSection(SolutionProperties) = preSolution
		HideSolutionNode = FALSE
	EndGlobalSection
	GlobalSection(ExtensibilityGlobals) = postSolution
		SolutionGuid = {B9DD7B24-668E-4EEE-9EA7-11F3ABCB2D9C}
	EndGlobalSection
EndGlobal
